
Microsoft Visual Studio Solution File, Format Version 12.00
# Visual Studio Version 17
VisualStudioVersion = 17.5.33627.172
MinimumVisualStudioVersion = 10.0.40219.1
Project("{2150E333-8FDC-42A3-9474-1A3956D46DE8}") = "src", "src", "{06D4A1FE-0E0C-4628-8C02-397723C0EFA5}"
EndProject
Project("{2150E333-8FDC-42A3-9474-1A3956D46DE8}") = "tests", "tests", "{05704D1D-E825-4819-A3B5-C827FCD867E8}"
EndProject
Project("{2150E333-8FDC-42A3-9474-1A3956D46DE8}") = "corePackages", "corePackages", "{341D3C21-D842-4C5E-9A7E-7E07E8F94E63}"
EndProject
Project("{2150E333-8FDC-42A3-9474-1A3956D46DE8}") = "projects", "projects", "{7F695F76-8EFA-4A51-ACD7-4AAEB738128B}"
EndProject
Project("{9A19103F-16F7-4668-BE54-9A1E7A4F7556}") = "Core.Domain", "src\corePackages\Core.Domain\Core.Domain.csproj", "{CB920E48-6A1C-41D4-8FEF-59B0A0691256}"
EndProject
Project("{9A19103F-16F7-4668-BE54-9A1E7A4F7556}") = "Core.BackgroundJob", "src\corePackages\Core.BackgroundJob\Core.BackgroundJob.csproj", "{2CDDA3EA-3ABB-4280-8ECE-E7925C7167B5}"
EndProject
Project("{9A19103F-16F7-4668-BE54-9A1E7A4F7556}") = "Core.Application", "src\corePackages\Core.Application\Core.Application.csproj", "{A2697BA4-0FE4-42C8-BD78-CCADEE1DC6EA}"
EndProject
Project("{9A19103F-16F7-4668-BE54-9A1E7A4F7556}") = "Core.CrossCuttingConcerns", "src\corePackages\Core.CrossCuttingConcerns\Core.CrossCuttingConcerns.csproj", "{81C6F34B-BD67-48FC-BEB2-C1E307FC9C7A}"
EndProject
Project("{9A19103F-16F7-4668-BE54-9A1E7A4F7556}") = "Core.ElasticSearch", "src\corePackages\Core.ElasticSearch\Core.ElasticSearch.csproj", "{0C031E9B-9E1A-43FE-9E78-A1ACCDB92EA8}"
EndProject
Project("{9A19103F-16F7-4668-BE54-9A1E7A4F7556}") = "Core.Helpers", "src\corePackages\Core.Helpers\Core.Helpers.csproj", "{F13B6E3E-0DD6-40D9-A441-72E4FB9F0C47}"
EndProject
Project("{9A19103F-16F7-4668-BE54-9A1E7A4F7556}") = "Core.Json", "src\corePackages\Core.Json\Core.Json.csproj", "{9626817E-612A-4DFF-BD8F-45CD50BB9EA2}"
EndProject
Project("{9A19103F-16F7-4668-BE54-9A1E7A4F7556}") = "Core.Mailing", "src\corePackages\Core.Mailing\Core.Mailing.csproj", "{2A747361-5B6C-4BF0-871A-2C1C2579FB09}"
EndProject
Project("{9A19103F-16F7-4668-BE54-9A1E7A4F7556}") = "Core.Persistence", "src\corePackages\Core.Persistence\Core.Persistence.csproj", "{778B89AF-3A11-45F4-844A-7AB43AB1D33D}"
EndProject
Project("{9A19103F-16F7-4668-BE54-9A1E7A4F7556}") = "Core.Security", "src\corePackages\Core.Security\Core.Security.csproj", "{3504ADF7-7342-42D6-AF15-D70F3B01266D}"
EndProject
Project("{9A19103F-16F7-4668-BE54-9A1E7A4F7556}") = "Core.Test", "src\corePackages\Core.Test\Core.Test.csproj", "{4D3115BD-2A9C-464A-BBD5-BD709C09CFAE}"
EndProject
Project("{9A19103F-16F7-4668-BE54-9A1E7A4F7556}") = "Core.Timing", "src\corePackages\Core.Timing\Core.Timing.csproj", "{2267BFAC-7AEA-42EB-8870-4F9B8C48BDF8}"
EndProject
Project("{9A19103F-16F7-4668-BE54-9A1E7A4F7556}") = "Core.Utilities", "src\corePackages\Core.Utilities\Core.Utilities.csproj", "{AD90EFE2-11DE-4FC5-AA7B-6016280E7F7A}"
EndProject
Project("{2150E333-8FDC-42A3-9474-1A3956D46DE8}") = "webAPI", "webAPI", "{1186158C-E223-4F83-A37F-ABD4DDF480CC}"
EndProject
Project("{2150E333-8FDC-42A3-9474-1A3956D46DE8}") = "adminAPI", "adminAPI", "{8DE01358-5671-46D9-A48D-E188052988FD}"
EndProject
Project("{9A19103F-16F7-4668-BE54-9A1E7A4F7556}") = "webAPI.Application", "src\projects\webAPI\webAPI.Application\webAPI.Application.csproj", "{542E7610-3E3F-42AA-80A8-28E457652EB9}"
EndProject
Project("{9A19103F-16F7-4668-BE54-9A1E7A4F7556}") = "webAPI.Persistence", "src\projects\webAPI\webAPI.Persistence\webAPI.Persistence.csproj", "{8CA127CA-0AD5-4437-81E6-E552C9877308}"
EndProject
Project("{9A19103F-16F7-4668-BE54-9A1E7A4F7556}") = "webAPI.Infrastructure", "src\projects\webAPI\webAPI.Infrastructure\webAPI.Infrastructure.csproj", "{B4BF6D63-96B8-4905-9BDA-784518301851}"
EndProject
Project("{9A19103F-16F7-4668-BE54-9A1E7A4F7556}") = "webAPI", "src\projects\webAPI\webAPI\webAPI.csproj", "{DF76B1E6-6977-4CA1-A7EF-FC19F1742CF3}"
EndProject
Project("{FAE04EC0-301F-11D3-BF4B-00C04F79EFBC}") = "adminAPI", "src\projects\adminAPI\adminAPI\adminAPI.csproj", "{121F7F9C-26F4-4A90-8C2D-9ABA249AF861}"
EndProject
Project("{FAE04EC0-301F-11D3-BF4B-00C04F79EFBC}") = "adminAPI.Application", "src\projects\adminAPI\adminAPI.Application\adminAPI.Application.csproj", "{F79CA1F6-5475-4861-930B-19D31F7023C4}"
EndProject
Project("{FAE04EC0-301F-11D3-BF4B-00C04F79EFBC}") = "adminAPI.Persistence", "src\projects\adminAPI\adminAPI.Persistence\adminAPI.Persistence.csproj", "{164B0E4F-FC90-4B15-AC44-7186163A8721}"
EndProject
Project("{FAE04EC0-301F-11D3-BF4B-00C04F79EFBC}") = "adminAPI.Infrastructure", "src\projects\adminAPI\adminAPI.Infrastructure\adminAPI.Infrastructure.csproj", "{AFDB4D76-9166-4577-A7CE-27612F329AF7}"
EndProject
Global
	GlobalSection(SolutionConfigurationPlatforms) = preSolution
		Debug|Any CPU = Debug|Any CPU
		Release|Any CPU = Release|Any CPU
	EndGlobalSection
	GlobalSection(ProjectConfigurationPlatforms) = postSolution
		{CB920E48-6A1C-41D4-8FEF-59B0A0691256}.Debug|Any CPU.ActiveCfg = Debug|Any CPU
		{CB920E48-6A1C-41D4-8FEF-59B0A0691256}.Debug|Any CPU.Build.0 = Debug|Any CPU
		{CB920E48-6A1C-41D4-8FEF-59B0A0691256}.Release|Any CPU.ActiveCfg = Release|Any CPU
		{CB920E48-6A1C-41D4-8FEF-59B0A0691256}.Release|Any CPU.Build.0 = Release|Any CPU
		{2CDDA3EA-3ABB-4280-8ECE-E7925C7167B5}.Debug|Any CPU.ActiveCfg = Debug|Any CPU
		{2CDDA3EA-3ABB-4280-8ECE-E7925C7167B5}.Debug|Any CPU.Build.0 = Debug|Any CPU
		{2CDDA3EA-3ABB-4280-8ECE-E7925C7167B5}.Release|Any CPU.ActiveCfg = Release|Any CPU
		{2CDDA3EA-3ABB-4280-8ECE-E7925C7167B5}.Release|Any CPU.Build.0 = Release|Any CPU
		{A2697BA4-0FE4-42C8-BD78-CCADEE1DC6EA}.Debug|Any CPU.ActiveCfg = Debug|Any CPU
		{A2697BA4-0FE4-42C8-BD78-CCADEE1DC6EA}.Debug|Any CPU.Build.0 = Debug|Any CPU
		{A2697BA4-0FE4-42C8-BD78-CCADEE1DC6EA}.Release|Any CPU.ActiveCfg = Release|Any CPU
		{A2697BA4-0FE4-42C8-BD78-CCADEE1DC6EA}.Release|Any CPU.Build.0 = Release|Any CPU
		{81C6F34B-BD67-48FC-BEB2-C1E307FC9C7A}.Debug|Any CPU.ActiveCfg = Debug|Any CPU
		{81C6F34B-BD67-48FC-BEB2-C1E307FC9C7A}.Debug|Any CPU.Build.0 = Debug|Any CPU
		{81C6F34B-BD67-48FC-BEB2-C1E307FC9C7A}.Release|Any CPU.ActiveCfg = Release|Any CPU
		{81C6F34B-BD67-48FC-BEB2-C1E307FC9C7A}.Release|Any CPU.Build.0 = Release|Any CPU
		{0C031E9B-9E1A-43FE-9E78-A1ACCDB92EA8}.Debug|Any CPU.ActiveCfg = Debug|Any CPU
		{0C031E9B-9E1A-43FE-9E78-A1ACCDB92EA8}.Debug|Any CPU.Build.0 = Debug|Any CPU
		{0C031E9B-9E1A-43FE-9E78-A1ACCDB92EA8}.Release|Any CPU.ActiveCfg = Release|Any CPU
		{0C031E9B-9E1A-43FE-9E78-A1ACCDB92EA8}.Release|Any CPU.Build.0 = Release|Any CPU
		{F13B6E3E-0DD6-40D9-A441-72E4FB9F0C47}.Debug|Any CPU.ActiveCfg = Debug|Any CPU
		{F13B6E3E-0DD6-40D9-A441-72E4FB9F0C47}.Debug|Any CPU.Build.0 = Debug|Any CPU
		{F13B6E3E-0DD6-40D9-A441-72E4FB9F0C47}.Release|Any CPU.ActiveCfg = Release|Any CPU
		{F13B6E3E-0DD6-40D9-A441-72E4FB9F0C47}.Release|Any CPU.Build.0 = Release|Any CPU
		{9626817E-612A-4DFF-BD8F-45CD50BB9EA2}.Debug|Any CPU.ActiveCfg = Debug|Any CPU
		{9626817E-612A-4DFF-BD8F-45CD50BB9EA2}.Debug|Any CPU.Build.0 = Debug|Any CPU
		{9626817E-612A-4DFF-BD8F-45CD50BB9EA2}.Release|Any CPU.ActiveCfg = Release|Any CPU
		{9626817E-612A-4DFF-BD8F-45CD50BB9EA2}.Release|Any CPU.Build.0 = Release|Any CPU
		{2A747361-5B6C-4BF0-871A-2C1C2579FB09}.Debug|Any CPU.ActiveCfg = Debug|Any CPU
		{2A747361-5B6C-4BF0-871A-2C1C2579FB09}.Debug|Any CPU.Build.0 = Debug|Any CPU
		{2A747361-5B6C-4BF0-871A-2C1C2579FB09}.Release|Any CPU.ActiveCfg = Release|Any CPU
		{2A747361-5B6C-4BF0-871A-2C1C2579FB09}.Release|Any CPU.Build.0 = Release|Any CPU
		{778B89AF-3A11-45F4-844A-7AB43AB1D33D}.Debug|Any CPU.ActiveCfg = Debug|Any CPU
		{778B89AF-3A11-45F4-844A-7AB43AB1D33D}.Debug|Any CPU.Build.0 = Debug|Any CPU
		{778B89AF-3A11-45F4-844A-7AB43AB1D33D}.Release|Any CPU.ActiveCfg = Release|Any CPU
		{778B89AF-3A11-45F4-844A-7AB43AB1D33D}.Release|Any CPU.Build.0 = Release|Any CPU
		{3504ADF7-7342-42D6-AF15-D70F3B01266D}.Debug|Any CPU.ActiveCfg = Debug|Any CPU
		{3504ADF7-7342-42D6-AF15-D70F3B01266D}.Debug|Any CPU.Build.0 = Debug|Any CPU
		{3504ADF7-7342-42D6-AF15-D70F3B01266D}.Release|Any CPU.ActiveCfg = Release|Any CPU
		{3504ADF7-7342-42D6-AF15-D70F3B01266D}.Release|Any CPU.Build.0 = Release|Any CPU
		{4D3115BD-2A9C-464A-BBD5-BD709C09CFAE}.Debug|Any CPU.ActiveCfg = Debug|Any CPU
		{4D3115BD-2A9C-464A-BBD5-BD709C09CFAE}.Debug|Any CPU.Build.0 = Debug|Any CPU
		{4D3115BD-2A9C-464A-BBD5-BD709C09CFAE}.Release|Any CPU.ActiveCfg = Release|Any CPU
		{4D3115BD-2A9C-464A-BBD5-BD709C09CFAE}.Release|Any CPU.Build.0 = Release|Any CPU
		{2267BFAC-7AEA-42EB-8870-4F9B8C48BDF8}.Debug|Any CPU.ActiveCfg = Debug|Any CPU
		{2267BFAC-7AEA-42EB-8870-4F9B8C48BDF8}.Debug|Any CPU.Build.0 = Debug|Any CPU
		{2267BFAC-7AEA-42EB-8870-4F9B8C48BDF8}.Release|Any CPU.ActiveCfg = Release|Any CPU
		{2267BFAC-7AEA-42EB-8870-4F9B8C48BDF8}.Release|Any CPU.Build.0 = Release|Any CPU
		{AD90EFE2-11DE-4FC5-AA7B-6016280E7F7A}.Debug|Any CPU.ActiveCfg = Debug|Any CPU
		{AD90EFE2-11DE-4FC5-AA7B-6016280E7F7A}.Debug|Any CPU.Build.0 = Debug|Any CPU
		{AD90EFE2-11DE-4FC5-AA7B-6016280E7F7A}.Release|Any CPU.ActiveCfg = Release|Any CPU
		{AD90EFE2-11DE-4FC5-AA7B-6016280E7F7A}.Release|Any CPU.Build.0 = Release|Any CPU
		{542E7610-3E3F-42AA-80A8-28E457652EB9}.Debug|Any CPU.ActiveCfg = Debug|Any CPU
		{542E7610-3E3F-42AA-80A8-28E457652EB9}.Debug|Any CPU.Build.0 = Debug|Any CPU
		{542E7610-3E3F-42AA-80A8-28E457652EB9}.Release|Any CPU.ActiveCfg = Release|Any CPU
		{542E7610-3E3F-42AA-80A8-28E457652EB9}.Release|Any CPU.Build.0 = Release|Any CPU
		{8CA127CA-0AD5-4437-81E6-E552C9877308}.Debug|Any CPU.ActiveCfg = Debug|Any CPU
		{8CA127CA-0AD5-4437-81E6-E552C9877308}.Debug|Any CPU.Build.0 = Debug|Any CPU
		{8CA127CA-0AD5-4437-81E6-E552C9877308}.Release|Any CPU.ActiveCfg = Release|Any CPU
		{8CA127CA-0AD5-4437-81E6-E552C9877308}.Release|Any CPU.Build.0 = Release|Any CPU
		{B4BF6D63-96B8-4905-9BDA-784518301851}.Debug|Any CPU.ActiveCfg = Debug|Any CPU
		{B4BF6D63-96B8-4905-9BDA-784518301851}.Debug|Any CPU.Build.0 = Debug|Any CPU
		{B4BF6D63-96B8-4905-9BDA-784518301851}.Release|Any CPU.ActiveCfg = Release|Any CPU
		{B4BF6D63-96B8-4905-9BDA-784518301851}.Release|Any CPU.Build.0 = Release|Any CPU
		{DF76B1E6-6977-4CA1-A7EF-FC19F1742CF3}.Debug|Any CPU.ActiveCfg = Debug|Any CPU
		{DF76B1E6-6977-4CA1-A7EF-FC19F1742CF3}.Debug|Any CPU.Build.0 = Debug|Any CPU
		{DF76B1E6-6977-4CA1-A7EF-FC19F1742CF3}.Release|Any CPU.ActiveCfg = Release|Any CPU
		{DF76B1E6-6977-4CA1-A7EF-FC19F1742CF3}.Release|Any CPU.Build.0 = Release|Any CPU
		{121F7F9C-26F4-4A90-8C2D-9ABA249AF861}.Debug|Any CPU.ActiveCfg = Debug|Any CPU
		{121F7F9C-26F4-4A90-8C2D-9ABA249AF861}.Debug|Any CPU.Build.0 = Debug|Any CPU
		{121F7F9C-26F4-4A90-8C2D-9ABA249AF861}.Release|Any CPU.ActiveCfg = Release|Any CPU
		{121F7F9C-26F4-4A90-8C2D-9ABA249AF861}.Release|Any CPU.Build.0 = Release|Any CPU
		{F79CA1F6-5475-4861-930B-19D31F7023C4}.Debug|Any CPU.ActiveCfg = Debug|Any CPU
		{F79CA1F6-5475-4861-930B-19D31F7023C4}.Debug|Any CPU.Build.0 = Debug|Any CPU
		{F79CA1F6-5475-4861-930B-19D31F7023C4}.Release|Any CPU.ActiveCfg = Release|Any CPU
		{F79CA1F6-5475-4861-930B-19D31F7023C4}.Release|Any CPU.Build.0 = Release|Any CPU
		{164B0E4F-FC90-4B15-AC44-7186163A8721}.Debug|Any CPU.ActiveCfg = Debug|Any CPU
		{164B0E4F-FC90-4B15-AC44-7186163A8721}.Debug|Any CPU.Build.0 = Debug|Any CPU
		{164B0E4F-FC90-4B15-AC44-7186163A8721}.Release|Any CPU.ActiveCfg = Release|Any CPU
		{164B0E4F-FC90-4B15-AC44-7186163A8721}.Release|Any CPU.Build.0 = Release|Any CPU
		{AFDB4D76-9166-4577-A7CE-27612F329AF7}.Debug|Any CPU.ActiveCfg = Debug|Any CPU
		{AFDB4D76-9166-4577-A7CE-27612F329AF7}.Debug|Any CPU.Build.0 = Debug|Any CPU
		{AFDB4D76-9166-4577-A7CE-27612F329AF7}.Release|Any CPU.ActiveCfg = Release|Any CPU
		{AFDB4D76-9166-4577-A7CE-27612F329AF7}.Release|Any CPU.Build.0 = Release|Any CPU
	EndGlobalSection
	GlobalSection(SolutionProperties) = preSolution
		HideSolutionNode = FALSE
	EndGlobalSection
	GlobalSection(NestedProjects) = preSolution
		{341D3C21-D842-4C5E-9A7E-7E07E8F94E63} = {06D4A1FE-0E0C-4628-8C02-397723C0EFA5}
		{7F695F76-8EFA-4A51-ACD7-4AAEB738128B} = {06D4A1FE-0E0C-4628-8C02-397723C0EFA5}
		{CB920E48-6A1C-41D4-8FEF-59B0A0691256} = {341D3C21-D842-4C5E-9A7E-7E07E8F94E63}
		{2CDDA3EA-3ABB-4280-8ECE-E7925C7167B5} = {341D3C21-D842-4C5E-9A7E-7E07E8F94E63}
		{A2697BA4-0FE4-42C8-BD78-CCADEE1DC6EA} = {341D3C21-D842-4C5E-9A7E-7E07E8F94E63}
		{81C6F34B-BD67-48FC-BEB2-C1E307FC9C7A} = {341D3C21-D842-4C5E-9A7E-7E07E8F94E63}
		{0C031E9B-9E1A-43FE-9E78-A1ACCDB92EA8} = {341D3C21-D842-4C5E-9A7E-7E07E8F94E63}
		{F13B6E3E-0DD6-40D9-A441-72E4FB9F0C47} = {341D3C21-D842-4C5E-9A7E-7E07E8F94E63}
		{9626817E-612A-4DFF-BD8F-45CD50BB9EA2} = {341D3C21-D842-4C5E-9A7E-7E07E8F94E63}
		{2A747361-5B6C-4BF0-871A-2C1C2579FB09} = {341D3C21-D842-4C5E-9A7E-7E07E8F94E63}
		{778B89AF-3A11-45F4-844A-7AB43AB1D33D} = {341D3C21-D842-4C5E-9A7E-7E07E8F94E63}
		{3504ADF7-7342-42D6-AF15-D70F3B01266D} = {341D3C21-D842-4C5E-9A7E-7E07E8F94E63}
		{4D3115BD-2A9C-464A-BBD5-BD709C09CFAE} = {341D3C21-D842-4C5E-9A7E-7E07E8F94E63}
		{2267BFAC-7AEA-42EB-8870-4F9B8C48BDF8} = {341D3C21-D842-4C5E-9A7E-7E07E8F94E63}
		{AD90EFE2-11DE-4FC5-AA7B-6016280E7F7A} = {341D3C21-D842-4C5E-9A7E-7E07E8F94E63}
		{1186158C-E223-4F83-A37F-ABD4DDF480CC} = {7F695F76-8EFA-4A51-ACD7-4AAEB738128B}
		{8DE01358-5671-46D9-A48D-E188052988FD} = {7F695F76-8EFA-4A51-ACD7-4AAEB738128B}
		{542E7610-3E3F-42AA-80A8-28E457652EB9} = {1186158C-E223-4F83-A37F-ABD4DDF480CC}
		{8CA127CA-0AD5-4437-81E6-E552C9877308} = {1186158C-E223-4F83-A37F-ABD4DDF480CC}
		{B4BF6D63-96B8-4905-9BDA-784518301851} = {1186158C-E223-4F83-A37F-ABD4DDF480CC}
		{DF76B1E6-6977-4CA1-A7EF-FC19F1742CF3} = {1186158C-E223-4F83-A37F-ABD4DDF480CC}
		{121F7F9C-26F4-4A90-8C2D-9ABA249AF861} = {8DE01358-5671-46D9-A48D-E188052988FD}
		{F79CA1F6-5475-4861-930B-19D31F7023C4} = {8DE01358-5671-46D9-A48D-E188052988FD}
		{164B0E4F-FC90-4B15-AC44-7186163A8721} = {8DE01358-5671-46D9-A48D-E188052988FD}
		{AFDB4D76-9166-4577-A7CE-27612F329AF7} = {8DE01358-5671-46D9-A48D-E188052988FD}
	EndGlobalSection
	GlobalSection(ExtensibilityGlobals) = postSolution
		SolutionGuid = {72D8C89C-ACAC-45C0-8405-8C2FF496627F}
	EndGlobalSection
EndGlobal
